PODS:
  - Alamofire (4.2.0)
  - Kingfisher (3.2.2)
  - SwiftyJSON (3.1.3)

DEPENDENCIES:
  - Alamofire
  - Kingfisher
  - SwiftyJSON

SPEC CHECKSUMS:
  Alamofire: aa2e09d871c9160ac53c90e83c68064a94e3dfbe
  Kingfisher: 821466474ad7ffc375a4aecadfa05068cfed67b3
  SwiftyJSON: 38a8ea2006779c0fc4c310cb2ee8195327740faf

PODFILE CHECKSUM: 9758858f6755e78cfa0a68578bfc016057653aff

COCOAPODS: 1.1.1
